// !$*UTF8*$!
{
	archiveVersion = 1;
	classes = {
	};
	objectVersion = 50;
	objects = {

/* Begin PBXBuildFile section */
		ACA5478A24BA7BA200309B58 /* AppDelegate.swift in Sources */ = {isa = PBXBuildFile; fileRef = ACA5478924BA7BA200309B58 /* AppDelegate.swift */; };
		ACA5478C24BA7BA200309B58 /* ContentView.swift in Sources */ = {isa = PBXBuildFile; fileRef = ACA5478B24BA7BA200309B58 /* ContentView.swift */; };
		ACA5478E24BA7BA400309B58 /* Assets.xcassets in Resources */ = {isa = PBXBuildFile; fileRef = ACA5478D24BA7BA400309B58 /* Assets.xcassets */; };
		ACA5479124BA7BA400309B58 /* Preview Assets.xcassets in Resources */ = {isa = PBXBuildFile; fileRef = ACA5479024BA7BA400309B58 /* Preview Assets.xcassets */; };
		ACA5479424BA7BA400309B58 /* LaunchScreen.storyboard in Resources */ = {isa = PBXBuildFile; fileRef = ACA5479224BA7BA400309B58 /* LaunchScreen.storyboard */; };
		ACA5479D24BA809000309B58 /* Key.swift in Sources */ = {isa = PBXBuildFile; fileRef = ACA5479C24BA809000309B58 /* Key.swift */; };
		ACA547A024BA825000309B58 /* KeyController.swift in Sources */ = {isa = PBXBuildFile; fileRef = ACA5479F24BA825000309B58 /* KeyController.swift */; };
		ACA547A224BA83EB00309B58 /* Direction.swift in Sources */ = {isa = PBXBuildFile; fileRef = ACA547A124BA83EB00309B58 /* Direction.swift */; };
/* End PBXBuildFile section */

/* Begin PBXFileReference section */
		ACA5478624BA7BA200309B58 /* AOC2016-D02.app */ = {isa = PBXFileReference; explicitFileType = wrapper.application; includeInIndex = 0; path = "AOC2016-D02.app"; sourceTree = BUILT_PRODUCTS_DIR; };
		ACA5478924BA7BA200309B58 /* AppDelegate.swift */ = {isa = PBXFileReference; lastKnownFileType = sourcecode.swift; path = AppDelegate.swift; sourceTree = "<group>"; };
		ACA5478B24BA7BA200309B58 /* ContentView.swift */ = {isa = PBXFileReference; lastKnownFileType = sourcecode.swift; path = ContentView.swift; sourceTree = "<group>"; };
		ACA5478D24BA7BA400309B58 /* Assets.xcassets */ = {isa = PBXFileReference; lastKnownFileType = folder.assetcatalog; path = Assets.xcassets; sourceTree = "<group>"; };
		ACA5479024BA7BA400309B58 /* Preview Assets.xcassets */ = {isa = PBXFileReference; lastKnownFileType = folder.assetcatalog; path = "Preview Assets.xcassets"; sourceTree = "<group>"; };
		ACA5479324BA7BA400309B58 /* Base */ = {isa = PBXFileReference; lastKnownFileType = file.storyboard; name = Base; path = Base.lproj/LaunchScreen.storyboard; sourceTree = "<group>"; };
		ACA5479524BA7BA400309B58 /* Info.plist */ = {isa = PBXFileReference; lastKnownFileType = text.plist.xml; path = Info.plist; sourceTree = "<group>"; };
		ACA5479C24BA809000309B58 /* Key.swift */ = {isa = PBXFileReference; lastKnownFileType = sourcecode.swift; path = Key.swift; sourceTree = "<group>"; };
		ACA5479F24BA825000309B58 /* KeyController.swift */ = {isa = PBXFileReference; lastKnownFileType = sourcecode.swift; path = KeyController.swift; sourceTree = "<group>"; };
		ACA547A124BA83EB00309B58 /* Direction.swift */ = {isa = PBXFileReference; lastKnownFileType = sourcecode.swift; path = Direction.swift; sourceTree = "<group>"; };
/* End PBXFileReference section */

/* Begin PBXFrameworksBuildPhase section */
		ACA5478324BA7BA200309B58 /* Frameworks */ = {
			isa = PBXFrameworksBuildPhase;
			buildActionMask = 2147483647;
			files = (
			);
			runOnlyForDeploymentPostprocessing = 0;
		};
/* End PBXFrameworksBuildPhase section */

/* Begin PBXGroup section */
		ACA5477D24BA7BA200309B58 = {
			isa = PBXGroup;
			children = (
				ACA5478824BA7BA200309B58 /* AOC2016-D02 */,
				ACA5478724BA7BA200309B58 /* Products */,
			);
			sourceTree = "<group>";
		};
		ACA5478724BA7BA200309B58 /* Products */ = {
			isa = PBXGroup;
			children = (
				ACA5478624BA7BA200309B58 /* AOC2016-D02.app */,
			);
			name = Products;
			sourceTree = "<group>";
		};
		ACA5478824BA7BA200309B58 /* AOC2016-D02 */ = {
			isa = PBXGroup;
			children = (
				ACA5479E24BA823A00309B58 /* Controller */,
				ACA5479B24BA801A00309B58 /* Models */,
				ACA5478924BA7BA200309B58 /* AppDelegate.swift */,
				ACA5478B24BA7BA200309B58 /* ContentView.swift */,
				ACA5478D24BA7BA400309B58 /* Assets.xcassets */,
				ACA5479224BA7BA400309B58 /* LaunchScreen.storyboard */,
				ACA5479524BA7BA400309B58 /* Info.plist */,
				ACA5478F24BA7BA400309B58 /* Preview Content */,
			);
			path = "AOC2016-D02";
			sourceTree = "<group>";
		};
		ACA5478F24BA7BA400309B58 /* Preview Content */ = {
			isa = PBXGroup;
			children = (
				ACA5479024BA7BA400309B58 /* Preview Assets.xcassets */,
			);
			path = "Preview Content";
			sourceTree = "<group>";
		};
		ACA5479B24BA801A00309B58 /* Models */ = {
			isa = PBXGroup;
			children = (
				ACA5479C24BA809000309B58 /* Key.swift */,
				ACA547A124BA83EB00309B58 /* Direction.swift */,
			);
			path = Models;
			sourceTree = "<group>";
		};
		ACA5479E24BA823A00309B58 /* Controller */ = {
			isa = PBXGroup;
			children = (
				ACA5479F24BA825000309B58 /* KeyController.swift */,
			);
			path = Controller;
			sourceTree = "<group>";
		};
/* End PBXGroup section */

/* Begin PBXNativeTarget section */
		ACA5478524BA7BA200309B58 /* AOC2016-D02 */ = {
			isa = PBXNativeTarget;
			buildConfigurationList = ACA5479824BA7BA400309B58 /* Build configuration list for PBXNativeTarget "AOC2016-D02" */;
			buildPhases = (
				ACA5478224BA7BA200309B58 /* Sources */,
				ACA5478324BA7BA200309B58 /* Frameworks */,
				ACA5478424BA7BA200309B58 /* Resources */,
			);
			buildRules = (
			);
			dependencies = (
			);
			name = "AOC2016-D02";
			productName = "AOC2016-D02";
			productReference = ACA5478624BA7BA200309B58 /* AOC2016-D02.app */;
			productType = "com.apple.product-type.application";
		};
/* End PBXNativeTarget section */

/* Begin PBXProject section */
		ACA5477E24BA7BA200309B58 /* Project object */ = {
			isa = PBXProject;
			attributes = {
				LastSwiftUpdateCheck = 1150;
				LastUpgradeCheck = 1150;
				ORGANIZATIONNAME = "Joy Bending";
				TargetAttributes = {
					ACA5478524BA7BA200309B58 = {
						CreatedOnToolsVersion = 11.5;
					};
				};
			};
			buildConfigurationList = ACA5478124BA7BA200309B58 /* Build configuration list for PBXProject "AOC2016-D02" */;
			compatibilityVersion = "Xcode 9.3";
			developmentRegion = en;
			hasScannedForEncodings = 0;
			knownRegions = (
				en,
				Base,
			);
			mainGroup = ACA5477D24BA7BA200309B58;
			productRefGroup = ACA5478724BA7BA200309B58 /* Products */;
			projectDirPath = "";
			projectRoot = "";
			targets = (
				ACA5478524BA7BA200309B58 /* AOC2016-D02 */,
			);
		};
/* End PBXProject section */

/* Begin PBXResourcesBuildPhase section */
		ACA5478424BA7BA200309B58 /* Resources */ = {
			isa = PBXResourcesBuildPhase;
			buildActionMask = 2147483647;
			files = (
				ACA5479424BA7BA400309B58 /* LaunchScreen.storyboard in Resources */,
				ACA5479124BA7BA400309B58 /* Preview Assets.xcassets in Resources */,
				ACA5478E24BA7BA400309B58 /* Assets.xcassets in Resources */,
			);
			runOnlyForDeploymentPostprocessing = 0;
		};
/* End PBXResourcesBuildPhase section */

/* Begin PBXSourcesBuildPhase section */
		ACA5478224BA7BA200309B58 /* Sources */ = {
			isa = PBXSourcesBuildPhase;
			buildActionMask = 2147483647;
			files = (
				ACA5478C24BA7BA200309B58 /* ContentView.swift in Sources */,
				ACA5479D24BA809000309B58 /* Key.swift in Sources */,
				ACA5478A24BA7BA200309B58 /* AppDelegate.swift in Sources */,
				ACA547A224BA83EB00309B58 /* Direction.swift in Sources */,
				ACA547A024BA825000309B58 /* KeyController.swift in Sources */,
			);
			runOnlyForDeploymentPostprocessing = 0;
		};
/* End PBXSourcesBuildPhase section */

/* Begin PBXVariantGroup section */
		ACA5479224BA7BA400309B58 /* LaunchScreen.storyboard */ = {
			isa = PBXVariantGroup;
			children = (
				ACA5479324BA7BA400309B58 /* Base */,
			);
			name = LaunchScreen.storyboard;
			sourceTree = "<group>";
		};
/* End PBXVariantGroup section */

/* Begin XCBuildConfiguration section */
		ACA5479624BA7BA400309B58 /* Debug */ = {
			isa = XCBuildConfiguration;
			buildSettings = {
				ALWAYS_SEARCH_USER_PATHS = NO;
				CLANG_ANALYZER_NONNULL = YES;
				CLANG_ANALYZER_NUMBER_OBJECT_CONVERSION = YES_AGGRESSIVE;
				CLANG_CXX_LANGUAGE_STANDARD = "gnu++14";
				CLANG_CXX_LIBRARY = "libc++";
				CLANG_ENABLE_MODULES = YES;
				CLANG_ENABLE_OBJC_ARC = YES;
				CLANG_ENABLE_OBJC_WEAK = YES;
				CLANG_WARN_BLOCK_CAPTURE_AUTORELEASING = YES;
				CLANG_WARN_BOOL_CONVERSION = YES;
				CLANG_WARN_COMMA = YES;
				CLANG_WARN_CONSTANT_CONVERSION = YES;
				CLANG_WARN_DEPRECATED_OBJC_IMPLEMENTATIONS = YES;
				CLANG_WARN_DIRECT_OBJC_ISA_USAGE = YES_ERROR;
				CLANG_WARN_DOCUMENTATION_COMMENTS = YES;
				CLANG_WARN_EMPTY_BODY = YES;
				CLANG_WARN_ENUM_CONVERSION = YES;
				CLANG_WARN_INFINITE_RECURSION = YES;
				CLANG_WARN_INT_CONVERSION = YES;
				CLANG_WARN_NON_LITERAL_NULL_CONVERSION = YES;
				CLANG_WARN_OBJC_IMPLICIT_RETAIN_SELF = YES;
				CLANG_WARN_OBJC_LITERAL_CONVERSION = YES;
				CLANG_WARN_OBJC_ROOT_CLASS = YES_ERROR;
				CLANG_WARN_RANGE_LOOP_ANALYSIS = YES;
				CLANG_WARN_STRICT_PROTOTYPES = YES;
				CLANG_WARN_SUSPICIOUS_MOVE = YES;
				CLANG_WARN_UNGUARDED_AVAILABILITY = YES_AGGRESSIVE;
				CLANG_WARN_UNREACHABLE_CODE = YES;
				CLANG_WARN__DUPLICATE_METHOD_MATCH = YES;
				COPY_PHASE_STRIP = NO;
				DEBUG_INFORMATION_FORMAT = dwarf;
				ENABLE_STRICT_OBJC_MSGSEND = YES;
				ENABLE_TESTABILITY = YES;
				GCC_C_LANGUAGE_STANDARD = gnu11;
				GCC_DYNAMIC_NO_PIC = NO;
				GCC_NO_COMMON_BLOCKS = YES;
				GCC_OPTIMIZATION_LEVEL = 0;
				GCC_PREPROCESSOR_DEFINITIONS = (
					"DEBUG=1",
					"$(inherited)",
				);
				GCC_WARN_64_TO_32_BIT_CONVERSION = YES;
				GCC_WARN_ABOUT_RETURN_TYPE = YES_ERROR;
				GCC_WARN_UNDECLARED_SELECTOR = YES;
				GCC_WARN_UNINITIALIZED_AUTOS = YES_AGGRESSIVE;
				GCC_WARN_UNUSED_FUNCTION = YES;
				GCC_WARN_UNUSED_VARIABLE = YES;
				MTL_ENABLE_DEBUG_INFO = INCLUDE_SOURCE;
				MTL_FAST_MATH = YES;
				ONLY_ACTIVE_ARCH = YES;
				SDKROOT = appletvos;
				SWIFT_ACTIVE_COMPILATION_CONDITIONS = DEBUG;
				SWIFT_OPTIMIZATION_LEVEL = "-Onone";
				TVOS_DEPLOYMENT_TARGET = 13.4;
			};
			name = Debug;
		};
		ACA5479724BA7BA400309B58 /* Release */ = {
			isa = XCBuildConfiguration;
			buildSettings = {
				ALWAYS_SEARCH_USER_PATHS = NO;
				CLANG_ANALYZER_NONNULL = YES;
				CLANG_ANALYZER_NUMBER_OBJECT_CONVERSION = YES_AGGRESSIVE;
				CLANG_CXX_LANGUAGE_STANDARD = "gnu++14";
				CLANG_CXX_LIBRARY = "libc++";
				CLANG_ENABLE_MODULES = YES;
				CLANG_ENABLE_OBJC_ARC = YES;
				CLANG_ENABLE_OBJC_WEAK = YES;
				CLANG_WARN_BLOCK_CAPTURE_AUTORELEASING = YES;
				CLANG_WARN_BOOL_CONVERSION = YES;
				CLANG_WARN_COMMA = YES;
				CLANG_WARN_CONSTANT_CONVERSION = YES;
				CLANG_WARN_DEPRECATED_OBJC_IMPLEMENTATIONS = YES;
				CLANG_WARN_DIRECT_OBJC_ISA_USAGE = YES_ERROR;
				CLANG_WARN_DOCUMENTATION_COMMENTS = YES;
				CLANG_WARN_EMPTY_BODY = YES;
				CLANG_WARN_ENUM_CONVERSION = YES;
				CLANG_WARN_INFINITE_RECURSION = YES;
				CLANG_WARN_INT_CONVERSION = YES;
				CLANG_WARN_NON_LITERAL_NULL_CONVERSION = YES;
				CLANG_WARN_OBJC_IMPLICIT_RETAIN_SELF = YES;
				CLANG_WARN_OBJC_LITERAL_CONVERSION = YES;
				CLANG_WARN_OBJC_ROOT_CLASS = YES_ERROR;
				CLANG_WARN_RANGE_LOOP_ANALYSIS = YES;
				CLANG_WARN_STRICT_PROTOTYPES = YES;
				CLANG_WARN_SUSPICIOUS_MOVE = YES;
				CLANG_WARN_UNGUARDED_AVAILABILITY = YES_AGGRESSIVE;
				CLANG_WARN_UNREACHABLE_CODE = YES;
				CLANG_WARN__DUPLICATE_METHOD_MATCH = YES;
				COPY_PHASE_STRIP = NO;
				DEBUG_INFORMATION_FORMAT = "dwarf-with-dsym";
				ENABLE_NS_ASSERTIONS = NO;
				ENABLE_STRICT_OBJC_MSGSEND = YES;
				GCC_C_LANGUAGE_STANDARD = gnu11;
				GCC_NO_COMMON_BLOCKS = YES;
				GCC_WARN_64_TO_32_BIT_CONVERSION = YES;
				GCC_WARN_ABOUT_RETURN_TYPE = YES_ERROR;
				GCC_WARN_UNDECLARED_SELECTOR = YES;
				GCC_WARN_UNINITIALIZED_AUTOS = YES_AGGRESSIVE;
				GCC_WARN_UNUSED_FUNCTION = YES;
				GCC_WARN_UNUSED_VARIABLE = YES;
				MTL_ENABLE_DEBUG_INFO = NO;
				MTL_FAST_MATH = YES;
				SDKROOT = appletvos;
				SWIFT_COMPILATION_MODE = wholemodule;
				SWIFT_OPTIMIZATION_LEVEL = "-O";
				TVOS_DEPLOYMENT_TARGET = 13.4;
				VALIDATE_PRODUCT = YES;
			};
			name = Release;
		};
		ACA5479924BA7BA400309B58 /* Debug */ = {
			isa = XCBuildConfiguration;
			buildSettings = {
				ASSETCATALOG_COMPILER_APPICON_NAME = "App Icon & Top Shelf Image";
				CODE_SIGN_STYLE = Automatic;
				DEVELOPMENT_ASSET_PATHS = "\"AOC2016-D02/Preview Content\"";
				DEVELOPMENT_TEAM = 6QY69PUF72;
				ENABLE_PREVIEWS = YES;
				INFOPLIST_FILE = "AOC2016-D02/Info.plist";
				LD_RUNPATH_SEARCH_PATHS = (
					"$(inherited)",
					"@executable_path/Frameworks",
				);
				PRODUCT_BUNDLE_IDENTIFIER = "com.joybending.AOC2016-D02";
				PRODUCT_NAME = "$(TARGET_NAME)";
				SWIFT_VERSION = 5.0;
				TARGETED_DEVICE_FAMILY = 3;
			};
			name = Debug;
		};
		ACA5479A24BA7BA400309B58 /* Release */ = {
			isa = XCBuildConfiguration;
			buildSettings = {
				ASSETCATALOG_COMPILER_APPICON_NAME = "App Icon & Top Shelf Image";
				CODE_SIGN_STYLE = Automatic;
				DEVELOPMENT_ASSET_PATHS = "\"AOC2016-D02/Preview Content\"";
				DEVELOPMENT_TEAM = 6QY69PUF72;
				ENABLE_PREVIEWS = YES;
				INFOPLIST_FILE = "AOC2016-D02/Info.plist";
				LD_RUNPATH_SEARCH_PATHS = (
					"$(inherited)",
					"@executable_path/Frameworks",
				);
				PRODUCT_BUNDLE_IDENTIFIER = "com.joybending.AOC2016-D02";
				PRODUCT_NAME = "$(TARGET_NAME)";
				SWIFT_VERSION = 5.0;
				TARGETED_DEVICE_FAMILY = 3;
			};
			name = Release;
		};
/* End XCBuildConfiguration section */

/* Begin XCConfigurationList section */
		ACA5478124BA7BA200309B58 /* Build configuration list for PBXProject "AOC2016-D02" */ = {
			isa = XCConfigurationList;
			buildConfigurations = (
				ACA5479624BA7BA400309B58 /* Debug */,
				ACA5479724BA7BA400309B58 /* Release */,
			);
			defaultConfigurationIsVisible = 0;
			defaultConfigurationName = Release;
		};
		ACA5479824BA7BA400309B58 /* Build configuration list for PBXNativeTarget "AOC2016-D02" */ = {
			isa = XCConfigurationList;
			buildConfigurations = (
				ACA5479924BA7BA400309B58 /* Debug */,
				ACA5479A24BA7BA400309B58 /* Release */,
			);
			defaultConfigurationIsVisible = 0;
			defaultConfigurationName = Release;
		};
/* End XCConfigurationList section */
	};
	rootObject = ACA5477E24BA7BA200309B58 /* Project object */;
}
